
Microsoft Visual Studio Solution File, Format Version 12.00
# Visual Studio Version 16
VisualStudioVersion = 16.0.28705.295
MinimumVisualStudioVersion = 10.0.40219.1
Project("{FAE04EC0-301F-11D3-BF4B-00C04F79EFBC}") = "Card Game Solution MrB", "Card Game Solution MrB\Card Game Solution MrB.csproj", "{7803016F-5A27-4C3A-A76B-3E444A6F1E0B}"
EndProject
Global
	GlobalSection(SolutionConfigurationPlatforms) = preSolution
		Debug|Any CPU = Debug|Any CPU
		Release|Any CPU = Release|Any CPU
	EndGlobalSection
	GlobalSection(ProjectConfigurationPlatforms) = postSolution
		{7803016F-5A27-4C3A-A76B-3E444A6F1E0B}.Debug|Any CPU.ActiveCfg = Debug|Any CPU
		{7803016F-5A27-4C3A-A76B-3E444A6F1E0B}.Debug|Any CPU.Build.0 = Debug|Any CPU
		{7803016F-5A27-4C3A-A76B-3E444A6F1E0B}.Release|Any CPU.ActiveCfg = Release|Any CPU
		{7803016F-5A27-4C3A-A76B-3E444A6F1E0B}.Release|Any CPU.Build.0 = Release|Any CPU
	EndGlobalSection
	GlobalSection(SolutionProperties) = preSolution
		HideSolutionNode = FALSE
	EndGlobalSection
	GlobalSection(ExtensibilityGlobals) = postSolution
		SolutionGuid = {165886F0-0B5A-4AAF-9AAF-70A6598606C4}
	EndGlobalSection
EndGlobal
